<Solution>
  <Project Path="UnitTests/UnitTests.csproj" Id="b863f526-7d9c-4d16-861e-7eeab22be141" />
  <Project Path="VirtualVillageConsole/VirtualVillageConsole.csproj" Id="22852944-3f61-40fb-ab2f-db96bd7327e3" />
  <Project Path="VirtualVillageV1/VirtualVillageV1.csproj" />
  <Project Path="VirtualVillageWPF/VirtualVillageWPF.csproj" Id="fb1a7531-1c43-48a9-9230-7a8514af2cec" />
</Solution>
